
Microsoft Visual Studio Solution File, Format Version 12.00
# Visual Studio Version 17
VisualStudioVersion = 17.8.34309.116
MinimumVisualStudioVersion = 10.0.40219.1
Project("{9A19103F-16F7-4668-BE54-9A1E7A4F7556}") = "NikoNikoTeams", "NikoNikoTeams.csproj", "{F30E3BF0-2C7B-42D4-A2C2-248EEB6657D3}"
EndProject
Project("{2150E333-8FDC-42A3-9474-1A3956D46DE8}") = "Solution Items", "Solution Items", "{D5E4124A-753E-48E0-BC13-DC7AEC618788}"
	ProjectSection(SolutionItems) = preProject
		SBOM.awk = SBOM.awk
	EndProjectSection
EndProject
Global
	GlobalSection(SolutionConfigurationPlatforms) = preSolution
		Debug|Any CPU = Debug|Any CPU
		Release|Any CPU = Release|Any CPU
	EndGlobalSection
	GlobalSection(ProjectConfigurationPlatforms) = postSolution
		{F30E3BF0-2C7B-42D4-A2C2-248EEB6657D3}.Debug|Any CPU.ActiveCfg = Debug|Any CPU
		{F30E3BF0-2C7B-42D4-A2C2-248EEB6657D3}.Debug|Any CPU.Build.0 = Debug|Any CPU
		{F30E3BF0-2C7B-42D4-A2C2-248EEB6657D3}.Debug|Any CPU.Deploy.0 = Debug|Any CPU
		{F30E3BF0-2C7B-42D4-A2C2-248EEB6657D3}.Release|Any CPU.ActiveCfg = Release|Any CPU
		{F30E3BF0-2C7B-42D4-A2C2-248EEB6657D3}.Release|Any CPU.Build.0 = Release|Any CPU
		{F30E3BF0-2C7B-42D4-A2C2-248EEB6657D3}.Release|Any CPU.Deploy.0 = Release|Any CPU
	EndGlobalSection
	GlobalSection(SolutionProperties) = preSolution
		HideSolutionNode = FALSE
	EndGlobalSection
	GlobalSection(ExtensibilityGlobals) = postSolution
		SolutionGuid = {DB16CB9E-9521-4AFB-8A39-3BF73799039D}
	EndGlobalSection
EndGlobal
